
Microsoft Visual Studio Solution File, Format Version 12.00
# Visual Studio Version 16
VisualStudioVersion = 16.0.30523.141
MinimumVisualStudioVersion = 10.0.40219.1
Project("{FAE04EC0-301F-11D3-BF4B-00C04F79EFBC}") = "Rusu_Theona_Lab10.Android", "Rusu_Theona_Lab10.Android\Rusu_Theona_Lab10.Android.csproj", "{FF73BEFA-14B9-4A10-BB04-EE520924C1AB}"
EndProject
Project("{FAE04EC0-301F-11D3-BF4B-00C04F79EFBC}") = "Rusu_Theona_Lab10.iOS", "Rusu_Theona_Lab10.iOS\Rusu_Theona_Lab10.iOS.csproj", "{76CD4369-ECAE-494D-BFD1-6F8DCDFBE576}"
EndProject
Project("{FAE04EC0-301F-11D3-BF4B-00C04F79EFBC}") = "Rusu_Theona_Lab10", "Rusu_Theona_Lab10\Rusu_Theona_Lab10.csproj", "{299840A7-873E-49B2-BAEB-48873B21CDF5}"
EndProject
Global
	GlobalSection(SolutionConfigurationPlatforms) = preSolution
		Debug|Any CPU = Debug|Any CPU
		Debug|iPhone = Debug|iPhone
		Debug|iPhoneSimulator = Debug|iPhoneSimulator
		Release|Any CPU = Release|Any CPU
		Release|iPhone = Release|iPhone
		Release|iPhoneSimulator = Release|iPhoneSimulator
	EndGlobalSection
	GlobalSection(ProjectConfigurationPlatforms) = postSolution
		{FF73BEFA-14B9-4A10-BB04-EE520924C1AB}.Debug|Any CPU.ActiveCfg = Debug|Any CPU
		{FF73BEFA-14B9-4A10-BB04-EE520924C1AB}.Debug|Any CPU.Build.0 = Debug|Any CPU
		{FF73BEFA-14B9-4A10-BB04-EE520924C1AB}.Debug|Any CPU.Deploy.0 = Debug|Any CPU
		{FF73BEFA-14B9-4A10-BB04-EE520924C1AB}.Debug|iPhone.ActiveCfg = Debug|Any CPU
		{FF73BEFA-14B9-4A10-BB04-EE520924C1AB}.Debug|iPhone.Build.0 = Debug|Any CPU
		{FF73BEFA-14B9-4A10-BB04-EE520924C1AB}.Debug|iPhone.Deploy.0 = Debug|Any CPU
		{FF73BEFA-14B9-4A10-BB04-EE520924C1AB}.Debug|iPhoneSimulator.ActiveCfg = Debug|Any CPU
		{FF73BEFA-14B9-4A10-BB04-EE520924C1AB}.Debug|iPhoneSimulator.Build.0 = Debug|Any CPU
		{FF73BEFA-14B9-4A10-BB04-EE520924C1AB}.Debug|iPhoneSimulator.Deploy.0 = Debug|Any CPU
		{FF73BEFA-14B9-4A10-BB04-EE520924C1AB}.Release|Any CPU.ActiveCfg = Release|Any CPU
		{FF73BEFA-14B9-4A10-BB04-EE520924C1AB}.Release|Any CPU.Build.0 = Release|Any CPU
		{FF73BEFA-14B9-4A10-BB04-EE520924C1AB}.Release|Any CPU.Deploy.0 = Release|Any CPU
		{FF73BEFA-14B9-4A10-BB04-EE520924C1AB}.Release|iPhone.ActiveCfg = Release|Any CPU
		{FF73BEFA-14B9-4A10-BB04-EE520924C1AB}.Release|iPhone.Build.0 = Release|Any CPU
		{FF73BEFA-14B9-4A10-BB04-EE520924C1AB}.Release|iPhone.Deploy.0 = Release|Any CPU
		{FF73BEFA-14B9-4A10-BB04-EE520924C1AB}.Release|iPhoneSimulator.ActiveCfg = Release|Any CPU
		{FF73BEFA-14B9-4A10-BB04-EE520924C1AB}.Release|iPhoneSimulator.Build.0 = Release|Any CPU
		{FF73BEFA-14B9-4A10-BB04-EE520924C1AB}.Release|iPhoneSimulator.Deploy.0 = Release|Any CPU
		{76CD4369-ECAE-494D-BFD1-6F8DCDFBE576}.Debug|Any CPU.ActiveCfg = Debug|iPhone
		{76CD4369-ECAE-494D-BFD1-6F8DCDFBE576}.Debug|Any CPU.Build.0 = Debug|iPhone
		{76CD4369-ECAE-494D-BFD1-6F8DCDFBE576}.Debug|Any CPU.Deploy.0 = Debug|iPhone
		{76CD4369-ECAE-494D-BFD1-6F8DCDFBE576}.Debug|iPhone.ActiveCfg = Debug|iPhone
		{76CD4369-ECAE-494D-BFD1-6F8DCDFBE576}.Debug|iPhone.Build.0 = Debug|iPhone
		{76CD4369-ECAE-494D-BFD1-6F8DCDFBE576}.Debug|iPhone.Deploy.0 = Debug|iPhone
		{76CD4369-ECAE-494D-BFD1-6F8DCDFBE576}.Debug|iPhoneSimulator.ActiveCfg = Debug|iPhoneSimulator
		{76CD4369-ECAE-494D-BFD1-6F8DCDFBE576}.Debug|iPhoneSimulator.Build.0 = Debug|iPhoneSimulator
		{76CD4369-ECAE-494D-BFD1-6F8DCDFBE576}.Debug|iPhoneSimulator.Deploy.0 = Debug|iPhoneSimulator
		{76CD4369-ECAE-494D-BFD1-6F8DCDFBE576}.Release|Any CPU.ActiveCfg = Release|iPhoneSimulator
		{76CD4369-ECAE-494D-BFD1-6F8DCDFBE576}.Release|Any CPU.Build.0 = Release|iPhoneSimulator
		{76CD4369-ECAE-494D-BFD1-6F8DCDFBE576}.Release|Any CPU.Deploy.0 = Release|iPhoneSimulator
		{76CD4369-ECAE-494D-BFD1-6F8DCDFBE576}.Release|iPhone.ActiveCfg = Release|iPhone
		{76CD4369-ECAE-494D-BFD1-6F8DCDFBE576}.Release|iPhone.Build.0 = Release|iPhone
		{76CD4369-ECAE-494D-BFD1-6F8DCDFBE576}.Release|iPhone.Deploy.0 = Release|iPhone
		{76CD4369-ECAE-494D-BFD1-6F8DCDFBE576}.Release|iPhoneSimulator.ActiveCfg = Release|iPhoneSimulator
		{76CD4369-ECAE-494D-BFD1-6F8DCDFBE576}.Release|iPhoneSimulator.Build.0 = Release|iPhoneSimulator
		{76CD4369-ECAE-494D-BFD1-6F8DCDFBE576}.Release|iPhoneSimulator.Deploy.0 = Release|iPhoneSimulator
		{299840A7-873E-49B2-BAEB-48873B21CDF5}.Debug|Any CPU.ActiveCfg = Debug|Any CPU
		{299840A7-873E-49B2-BAEB-48873B21CDF5}.Debug|Any CPU.Build.0 = Debug|Any CPU
		{299840A7-873E-49B2-BAEB-48873B21CDF5}.Debug|Any CPU.Deploy.0 = Debug|Any CPU
		{299840A7-873E-49B2-BAEB-48873B21CDF5}.Debug|iPhone.ActiveCfg = Debug|Any CPU
		{299840A7-873E-49B2-BAEB-48873B21CDF5}.Debug|iPhone.Build.0 = Debug|Any CPU
		{299840A7-873E-49B2-BAEB-48873B21CDF5}.Debug|iPhone.Deploy.0 = Debug|Any CPU
		{299840A7-873E-49B2-BAEB-48873B21CDF5}.Debug|iPhoneSimulator.ActiveCfg = Debug|Any CPU
		{299840A7-873E-49B2-BAEB-48873B21CDF5}.Debug|iPhoneSimulator.Build.0 = Debug|Any CPU
		{299840A7-873E-49B2-BAEB-48873B21CDF5}.Debug|iPhoneSimulator.Deploy.0 = Debug|Any CPU
		{299840A7-873E-49B2-BAEB-48873B21CDF5}.Release|Any CPU.ActiveCfg = Release|Any CPU
		{299840A7-873E-49B2-BAEB-48873B21CDF5}.Release|Any CPU.Build.0 = Release|Any CPU
		{299840A7-873E-49B2-BAEB-48873B21CDF5}.Release|Any CPU.Deploy.0 = Release|Any CPU
		{299840A7-873E-49B2-BAEB-48873B21CDF5}.Release|iPhone.ActiveCfg = Release|Any CPU
		{299840A7-873E-49B2-BAEB-48873B21CDF5}.Release|iPhone.Build.0 = Release|Any CPU
		{299840A7-873E-49B2-BAEB-48873B21CDF5}.Release|iPhone.Deploy.0 = Release|Any CPU
		{299840A7-873E-49B2-BAEB-48873B21CDF5}.Release|iPhoneSimulator.ActiveCfg = Release|Any CPU
		{299840A7-873E-49B2-BAEB-48873B21CDF5}.Release|iPhoneSimulator.Build.0 = Release|Any CPU
		{299840A7-873E-49B2-BAEB-48873B21CDF5}.Release|iPhoneSimulator.Deploy.0 = Release|Any CPU
	EndGlobalSection
	GlobalSection(SolutionProperties) = preSolution
		HideSolutionNode = FALSE
	EndGlobalSection
	GlobalSection(ExtensibilityGlobals) = postSolution
		SolutionGuid = {B657D404-8807-4EFB-A64A-FD32C105E3E0}
	EndGlobalSection
EndGlobal
